// !$*UTF8*$!
{
	archiveVersion = 1;
	classes = {
	};
	objectVersion = 46;
	objects = {

/* Begin PBXBuildFile section */
		63C31B4F197761C10026D4B0 /* Foundation.framework in Frameworks */ = {isa = PBXBuildFile; fileRef = 63C31B4E197761C10026D4B0 /* Foundation.framework */; };
		63C31B51197761C10026D4B0 /* CoreGraphics.framework in Frameworks */ = {isa = PBXBuildFile; fileRef = 63C31B50197761C10026D4B0 /* CoreGraphics.framework */; };
		63C31B53197761C10026D4B0 /* UIKit.framework in Frameworks */ = {isa = PBXBuildFile; fileRef = 63C31B52197761C10026D4B0 /* UIKit.framework */; };
		63C31B59197761C10026D4B0 /* InfoPlist.strings in Resources */ = {isa = PBXBuildFile; fileRef = 63C31B57197761C10026D4B0 /* InfoPlist.strings */; };
		63C31B5B197761C10026D4B0 /* main.m in Sources */ = {isa = PBXBuildFile; fileRef = 63C31B5A197761C10026D4B0 /* main.m */; };
		63C31B5F197761C10026D4B0 /* AppDelegate.m in Sources */ = {isa = PBXBuildFile; fileRef = 63C31B5E197761C10026D4B0 /* AppDelegate.m */; };
		63C31B62197761C10026D4B0 /* Main_iPhone.storyboard in Resources */ = {isa = PBXBuildFile; fileRef = 63C31B60197761C10026D4B0 /* Main_iPhone.storyboard */; };
		63C31B65197761C10026D4B0 /* Main_iPad.storyboard in Resources */ = {isa = PBXBuildFile; fileRef = 63C31B63197761C10026D4B0 /* Main_iPad.storyboard */; };
		63C31B68197761C10026D4B0 /* MasterViewController.m in Sources */ = {isa = PBXBuildFile; fileRef = 63C31B67197761C10026D4B0 /* MasterViewController.m */; };
		63C31B6B197761C10026D4B0 /* DetailViewController.m in Sources */ = {isa = PBXBuildFile; fileRef = 63C31B6A197761C10026D4B0 /* DetailViewController.m */; };
		63C31B6D197761C10026D4B0 /* Images.xcassets in Resources */ = {isa = PBXBuildFile; fileRef = 63C31B6C197761C10026D4B0 /* Images.xcassets */; };
		63C31B74197761C10026D4B0 /* XCTest.framework in Frameworks */ = {isa = PBXBuildFile; fileRef = 63C31B73197761C10026D4B0 /* XCTest.framework */; };
		63C31B75197761C10026D4B0 /* Foundation.framework in Frameworks */ = {isa = PBXBuildFile; fileRef = 63C31B4E197761C10026D4B0 /* Foundation.framework */; };
		63C31B76197761C10026D4B0 /* UIKit.framework in Frameworks */ = {isa = PBXBuildFile; fileRef = 63C31B52197761C10026D4B0 /* UIKit.framework */; };
		63C31B7E197761C10026D4B0 /* InfoPlist.strings in Resources */ = {isa = PBXBuildFile; fileRef = 63C31B7C197761C10026D4B0 /* InfoPlist.strings */; };
		63C31B80197761C10026D4B0 /* jaxnodeMembersTests.m in Sources */ = {isa = PBXBuildFile; fileRef = 63C31B7F197761C10026D4B0 /* jaxnodeMembersTests.m */; };
/* End PBXBuildFile section */

/* Begin PBXContainerItemProxy section */
		63C31B77197761C10026D4B0 /* PBXContainerItemProxy */ = {
			isa = PBXContainerItemProxy;
			containerPortal = 63C31B43197761C10026D4B0 /* Project object */;
			proxyType = 1;
			remoteGlobalIDString = 63C31B4A197761C10026D4B0;
			remoteInfo = jaxnodeMembers;
		};
/* End PBXContainerItemProxy section */

/* Begin PBXFileReference section */
		63C31B4B197761C10026D4B0 /* jaxnodeMembers.app */ = {isa = PBXFileReference; explicitFileType = wrapper.application; includeInIndex = 0; path = jaxnodeMembers.app; sourceTree = BUILT_PRODUCTS_DIR; };
		63C31B4E197761C10026D4B0 /* Foundation.framework */ = {isa = PBXFileReference; lastKnownFileType = wrapper.framework; name = Foundation.framework; path = System/Library/Frameworks/Foundation.framework; sourceTree = SDKROOT; };
		63C31B50197761C10026D4B0 /* CoreGraphics.framework */ = {isa = PBXFileReference; lastKnownFileType = wrapper.framework; name = CoreGraphics.framework; path = System/Library/Frameworks/CoreGraphics.framework; sourceTree = SDKROOT; };
		63C31B52197761C10026D4B0 /* UIKit.framework */ = {isa = PBXFileReference; lastKnownFileType = wrapper.framework; name = UIKit.framework; path = System/Library/Frameworks/UIKit.framework; sourceTree = SDKROOT; };
		63C31B56197761C10026D4B0 /* jaxnodeMembers-Info.plist */ = {isa = PBXFileReference; lastKnownFileType = text.plist.xml; path = "jaxnodeMembers-Info.plist"; sourceTree = "<group>"; };
		63C31B58197761C10026D4B0 /* en */ = {isa = PBXFileReference; lastKnownFileType = text.plist.strings; name = en; path = en.lproj/InfoPlist.strings; sourceTree = "<group>"; };
		63C31B5A197761C10026D4B0 /* main.m */ = {isa = PBXFileReference; lastKnownFileType = sourcecode.c.objc; path = main.m; sourceTree = "<group>"; };
		63C31B5C197761C10026D4B0 /* jaxnodeMembers-Prefix.pch */ = {isa = PBXFileReference; lastKnownFileType = sourcecode.c.h; path = "jaxnodeMembers-Prefix.pch"; sourceTree = "<group>"; };
		63C31B5D197761C10026D4B0 /* AppDelegate.h */ = {isa = PBXFileReference; lastKnownFileType = sourcecode.c.h; path = AppDelegate.h; sourceTree = "<group>"; };
		63C31B5E197761C10026D4B0 /* AppDelegate.m */ = {isa = PBXFileReference; lastKnownFileType = sourcecode.c.objc; path = AppDelegate.m; sourceTree = "<group>"; };
		63C31B61197761C10026D4B0 /* Base */ = {isa = PBXFileReference; lastKnownFileType = file.storyboard; name = Base; path = Base.lproj/Main_iPhone.storyboard; sourceTree = "<group>"; };
		63C31B64197761C10026D4B0 /* Base */ = {isa = PBXFileReference; lastKnownFileType = file.storyboard; name = Base; path = Base.lproj/Main_iPad.storyboard; sourceTree = "<group>"; };
		63C31B66197761C10026D4B0 /* MasterViewController.h */ = {isa = PBXFileReference; lastKnownFileType = sourcecode.c.h; path = MasterViewController.h; sourceTree = "<group>"; };
		63C31B67197761C10026D4B0 /* MasterViewController.m */ = {isa = PBXFileReference; lastKnownFileType = sourcecode.c.objc; path = MasterViewController.m; sourceTree = "<group>"; };
		63C31B69197761C10026D4B0 /* DetailViewController.h */ = {isa = PBXFileReference; lastKnownFileType = sourcecode.c.h; path = DetailViewController.h; sourceTree = "<group>"; };
		63C31B6A197761C10026D4B0 /* DetailViewController.m */ = {isa = PBXFileReference; lastKnownFileType = sourcecode.c.objc; path = DetailViewController.m; sourceTree = "<group>"; };
		63C31B6C197761C10026D4B0 /* Images.xcassets */ = {isa = PBXFileReference; lastKnownFileType = folder.assetcatalog; path = Images.xcassets; sourceTree = "<group>"; };
		63C31B72197761C10026D4B0 /* jaxnodeMembersTests.xctest */ = {isa = PBXFileReference; explicitFileType = wrapper.cfbundle; includeInIndex = 0; path = jaxnodeMembersTests.xctest; sourceTree = BUILT_PRODUCTS_DIR; };
		63C31B73197761C10026D4B0 /* XCTest.framework */ = {isa = PBXFileReference; lastKnownFileType = wrapper.framework; name = XCTest.framework; path = Library/Frameworks/XCTest.framework; sourceTree = DEVELOPER_DIR; };
		63C31B7B197761C10026D4B0 /* jaxnodeMembersTests-Info.plist */ = {isa = PBXFileReference; lastKnownFileType = text.plist.xml; path = "jaxnodeMembersTests-Info.plist"; sourceTree = "<group>"; };
		63C31B7D197761C10026D4B0 /* en */ = {isa = PBXFileReference; lastKnownFileType = text.plist.strings; name = en; path = en.lproj/InfoPlist.strings; sourceTree = "<group>"; };
		63C31B7F197761C10026D4B0 /* jaxnodeMembersTests.m */ = {isa = PBXFileReference; lastKnownFileType = sourcecode.c.objc; path = jaxnodeMembersTests.m; sourceTree = "<group>"; };
/* End PBXFileReference section */

/* Begin PBXFrameworksBuildPhase section */
		63C31B48197761C10026D4B0 /* Frameworks */ = {
			isa = PBXFrameworksBuildPhase;
			buildActionMask = 2147483647;
			files = (
				63C31B51197761C10026D4B0 /* CoreGraphics.framework in Frameworks */,
				63C31B53197761C10026D4B0 /* UIKit.framework in Frameworks */,
				63C31B4F197761C10026D4B0 /* Foundation.framework in Frameworks */,
			);
			runOnlyForDeploymentPostprocessing = 0;
		};
		63C31B6F197761C10026D4B0 /* Frameworks */ = {
			isa = PBXFrameworksBuildPhase;
			buildActionMask = 2147483647;
			files = (
				63C31B74197761C10026D4B0 /* XCTest.framework in Frameworks */,
				63C31B76197761C10026D4B0 /* UIKit.framework in Frameworks */,
				63C31B75197761C10026D4B0 /* Foundation.framework in Frameworks */,
			);
			runOnlyForDeploymentPostprocessing = 0;
		};
/* End PBXFrameworksBuildPhase section */

/* Begin PBXGroup section */
		63C31B42197761C10026D4B0 = {
			isa = PBXGroup;
			children = (
				63C31B54197761C10026D4B0 /* jaxnodeMembers */,
				63C31B79197761C10026D4B0 /* jaxnodeMembersTests */,
				63C31B4D197761C10026D4B0 /* Frameworks */,
				63C31B4C197761C10026D4B0 /* Products */,
			);
			sourceTree = "<group>";
		};
		63C31B4C197761C10026D4B0 /* Products */ = {
			isa = PBXGroup;
			children = (
				63C31B4B197761C10026D4B0 /* jaxnodeMembers.app */,
				63C31B72197761C10026D4B0 /* jaxnodeMembersTests.xctest */,
			);
			name = Products;
			sourceTree = "<group>";
		};
		63C31B4D197761C10026D4B0 /* Frameworks */ = {
			isa = PBXGroup;
			children = (
				63C31B4E197761C10026D4B0 /* Foundation.framework */,
				63C31B50197761C10026D4B0 /* CoreGraphics.framework */,
				63C31B52197761C10026D4B0 /* UIKit.framework */,
				63C31B73197761C10026D4B0 /* XCTest.framework */,
			);
			name = Frameworks;
			sourceTree = "<group>";
		};
		63C31B54197761C10026D4B0 /* jaxnodeMembers */ = {
			isa = PBXGroup;
			children = (
				63C31B5D197761C10026D4B0 /* AppDelegate.h */,
				63C31B5E197761C10026D4B0 /* AppDelegate.m */,
				63C31B60197761C10026D4B0 /* Main_iPhone.storyboard */,
				63C31B63197761C10026D4B0 /* Main_iPad.storyboard */,
				63C31B66197761C10026D4B0 /* MasterViewController.h */,
				63C31B67197761C10026D4B0 /* MasterViewController.m */,
				63C31B69197761C10026D4B0 /* DetailViewController.h */,
				63C31B6A197761C10026D4B0 /* DetailViewController.m */,
				63C31B6C197761C10026D4B0 /* Images.xcassets */,
				63C31B55197761C10026D4B0 /* Supporting Files */,
			);
			path = jaxnodeMembers;
			sourceTree = "<group>";
		};
		63C31B55197761C10026D4B0 /* Supporting Files */ = {
			isa = PBXGroup;
			children = (
				63C31B56197761C10026D4B0 /* jaxnodeMembers-Info.plist */,
				63C31B57197761C10026D4B0 /* InfoPlist.strings */,
				63C31B5A197761C10026D4B0 /* main.m */,
				63C31B5C197761C10026D4B0 /* jaxnodeMembers-Prefix.pch */,
			);
			name = "Supporting Files";
			sourceTree = "<group>";
		};
		63C31B79197761C10026D4B0 /* jaxnodeMembersTests */ = {
			isa = PBXGroup;
			children = (
				63C31B7F197761C10026D4B0 /* jaxnodeMembersTests.m */,
				63C31B7A197761C10026D4B0 /* Supporting Files */,
			);
			path = jaxnodeMembersTests;
			sourceTree = "<group>";
		};
		63C31B7A197761C10026D4B0 /* Supporting Files */ = {
			isa = PBXGroup;
			children = (
				63C31B7B197761C10026D4B0 /* jaxnodeMembersTests-Info.plist */,
				63C31B7C197761C10026D4B0 /* InfoPlist.strings */,
			);
			name = "Supporting Files";
			sourceTree = "<group>";
		};
/* End PBXGroup section */

/* Begin PBXNativeTarget section */
		63C31B4A197761C10026D4B0 /* jaxnodeMembers */ = {
			isa = PBXNativeTarget;
			buildConfigurationList = 63C31B83197761C10026D4B0 /* Build configuration list for PBXNativeTarget "jaxnodeMembers" */;
			buildPhases = (
				63C31B47197761C10026D4B0 /* Sources */,
				63C31B48197761C10026D4B0 /* Frameworks */,
				63C31B49197761C10026D4B0 /* Resources */,
			);
			buildRules = (
			);
			dependencies = (
			);
			name = jaxnodeMembers;
			productName = jaxnodeMembers;
			productReference = 63C31B4B197761C10026D4B0 /* jaxnodeMembers.app */;
			productType = "com.apple.product-type.application";
		};
		63C31B71197761C10026D4B0 /* jaxnodeMembersTests */ = {
			isa = PBXNativeTarget;
			buildConfigurationList = 63C31B86197761C10026D4B0 /* Build configuration list for PBXNativeTarget "jaxnodeMembersTests" */;
			buildPhases = (
				63C31B6E197761C10026D4B0 /* Sources */,
				63C31B6F197761C10026D4B0 /* Frameworks */,
				63C31B70197761C10026D4B0 /* Resources */,
			);
			buildRules = (
			);
			dependencies = (
				63C31B78197761C10026D4B0 /* PBXTargetDependency */,
			);
			name = jaxnodeMembersTests;
			productName = jaxnodeMembersTests;
			productReference = 63C31B72197761C10026D4B0 /* jaxnodeMembersTests.xctest */;
			productType = "com.apple.product-type.bundle.unit-test";
		};
/* End PBXNativeTarget section */

/* Begin PBXProject section */
		63C31B43197761C10026D4B0 /* Project object */ = {
			isa = PBXProject;
			attributes = {
				LastUpgradeCheck = 0510;
				ORGANIZATIONNAME = "David Fekke L.L.C.";
				TargetAttributes = {
					63C31B71197761C10026D4B0 = {
						TestTargetID = 63C31B4A197761C10026D4B0;
					};
				};
			};
			buildConfigurationList = 63C31B46197761C10026D4B0 /* Build configuration list for PBXProject "jaxnodeMembers" */;
			compatibilityVersion = "Xcode 3.2";
			developmentRegion = English;
			hasScannedForEncodings = 0;
			knownRegions = (
				en,
				Base,
			);
			mainGroup = 63C31B42197761C10026D4B0;
			productRefGroup = 63C31B4C197761C10026D4B0 /* Products */;
			projectDirPath = "";
			projectRoot = "";
			targets = (
				63C31B4A197761C10026D4B0 /* jaxnodeMembers */,
				63C31B71197761C10026D4B0 /* jaxnodeMembersTests */,
			);
		};
/* End PBXProject section */

/* Begin PBXResourcesBuildPhase section */
		63C31B49197761C10026D4B0 /* Resources */ = {
			isa = PBXResourcesBuildPhase;
			buildActionMask = 2147483647;
			files = (
				63C31B65197761C10026D4B0 /* Main_iPad.storyboard in Resources */,
				63C31B6D197761C10026D4B0 /* Images.xcassets in Resources */,
				63C31B62197761C10026D4B0 /* Main_iPhone.storyboard in Resources */,
				63C31B59197761C10026D4B0 /* InfoPlist.strings in Resources */,
			);
			runOnlyForDeploymentPostprocessing = 0;
		};
		63C31B70197761C10026D4B0 /* Resources */ = {
			isa = PBXResourcesBuildPhase;
			buildActionMask = 2147483647;
			files = (
				63C31B7E197761C10026D4B0 /* InfoPlist.strings in Resources */,
			);
			runOnlyForDeploymentPostprocessing = 0;
		};
/* End PBXResourcesBuildPhase section */

/* Begin PBXSourcesBuildPhase section */
		63C31B47197761C10026D4B0 /* Sources */ = {
			isa = PBXSourcesBuildPhase;
			buildActionMask = 2147483647;
			files = (
				63C31B5F197761C10026D4B0 /* AppDelegate.m in Sources */,
				63C31B68197761C10026D4B0 /* MasterViewController.m in Sources */,
				63C31B5B197761C10026D4B0 /* main.m in Sources */,
				63C31B6B197761C10026D4B0 /* DetailViewController.m in Sources */,
			);
			runOnlyForDeploymentPostprocessing = 0;
		};
		63C31B6E197761C10026D4B0 /* Sources */ = {
			isa = PBXSourcesBuildPhase;
			buildActionMask = 2147483647;
			files = (
				63C31B80197761C10026D4B0 /* jaxnodeMembersTests.m in Sources */,
			);
			runOnlyForDeploymentPostprocessing = 0;
		};
/* End PBXSourcesBuildPhase section */

/* Begin PBXTargetDependency section */
		63C31B78197761C10026D4B0 /* PBXTargetDependency */ = {
			isa = PBXTargetDependency;
			target = 63C31B4A197761C10026D4B0 /* jaxnodeMembers */;
			targetProxy = 63C31B77197761C10026D4B0 /* PBXContainerItemProxy */;
		};
/* End PBXTargetDependency section */

/* Begin PBXVariantGroup section */
		63C31B57197761C10026D4B0 /* InfoPlist.strings */ = {
			isa = PBXVariantGroup;
			children = (
				63C31B58197761C10026D4B0 /* en */,
			);
			name = InfoPlist.strings;
			sourceTree = "<group>";
		};
		63C31B60197761C10026D4B0 /* Main_iPhone.storyboard */ = {
			isa = PBXVariantGroup;
			children = (
				63C31B61197761C10026D4B0 /* Base */,
			);
			name = Main_iPhone.storyboard;
			sourceTree = "<group>";
		};
		63C31B63197761C10026D4B0 /* Main_iPad.storyboard */ = {
			isa = PBXVariantGroup;
			children = (
				63C31B64197761C10026D4B0 /* Base */,
			);
			name = Main_iPad.storyboard;
			sourceTree = "<group>";
		};
		63C31B7C197761C10026D4B0 /* InfoPlist.strings */ = {
			isa = PBXVariantGroup;
			children = (
				63C31B7D197761C10026D4B0 /* en */,
			);
			name = InfoPlist.strings;
			sourceTree = "<group>";
		};
/* End PBXVariantGroup section */

/* Begin XCBuildConfiguration section */
		63C31B81197761C10026D4B0 /* Debug */ = {
			isa = XCBuildConfiguration;
			buildSettings = {
				ALWAYS_SEARCH_USER_PATHS = NO;
				CLANG_CXX_LANGUAGE_STANDARD = "gnu++0x";
				CLANG_CXX_LIBRARY = "libc++";
				CLANG_ENABLE_MODULES = YES;
				CLANG_ENABLE_OBJC_ARC = YES;
				CLANG_WARN_BOOL_CONVERSION = YES;
				CLANG_WARN_CONSTANT_CONVERSION = YES;
				CLANG_WARN_DIRECT_OBJC_ISA_USAGE = YES_ERROR;
				CLANG_WARN_EMPTY_BODY = YES;
				CLANG_WARN_ENUM_CONVERSION = YES;
				CLANG_WARN_INT_CONVERSION = YES;
				CLANG_WARN_OBJC_ROOT_CLASS = YES_ERROR;
				CLANG_WARN__DUPLICATE_METHOD_MATCH = YES;
				"CODE_SIGN_IDENTITY[sdk=iphoneos*]" = "iPhone Developer";
				COPY_PHASE_STRIP = NO;
				GCC_C_LANGUAGE_STANDARD = gnu99;
				GCC_DYNAMIC_NO_PIC = NO;
				GCC_OPTIMIZATION_LEVEL = 0;
				GCC_PREPROCESSOR_DEFINITIONS = (
					"DEBUG=1",
					"$(inherited)",
				);
				GCC_SYMBOLS_PRIVATE_EXTERN = NO;
				GCC_WARN_64_TO_32_BIT_CONVERSION = YES;
				GCC_WARN_ABOUT_RETURN_TYPE = YES_ERROR;
				GCC_WARN_UNDECLARED_SELECTOR = YES;
				GCC_WARN_UNINITIALIZED_AUTOS = YES_AGGRESSIVE;
				GCC_WARN_UNUSED_FUNCTION = YES;
				GCC_WARN_UNUSED_VARIABLE = YES;
				IPHONEOS_DEPLOYMENT_TARGET = 7.1;
				ONLY_ACTIVE_ARCH = YES;
				SDKROOT = iphoneos;
				TARGETED_DEVICE_FAMILY = "1,2";
			};
			name = Debug;
		};
		63C31B82197761C10026D4B0 /* Release */ = {
			isa = XCBuildConfiguration;
			buildSettings = {
				ALWAYS_SEARCH_USER_PATHS = NO;
				CLANG_CXX_LANGUAGE_STANDARD = "gnu++0x";
				CLANG_CXX_LIBRARY = "libc++";
				CLANG_ENABLE_MODULES = YES;
				CLANG_ENABLE_OBJC_ARC = YES;
				CLANG_WARN_BOOL_CONVERSION = YES;
				CLANG_WARN_CONSTANT_CONVERSION = YES;
				CLANG_WARN_DIRECT_OBJC_ISA_USAGE = YES_ERROR;
				CLANG_WARN_EMPTY_BODY = YES;
				CLANG_WARN_ENUM_CONVERSION = YES;
				CLANG_WARN_INT_CONVERSION = YES;
				CLANG_WARN_OBJC_ROOT_CLASS = YES_ERROR;
				CLANG_WARN__DUPLICATE_METHOD_MATCH = YES;
				"CODE_SIGN_IDENTITY[sdk=iphoneos*]" = "iPhone Developer";
				COPY_PHASE_STRIP = YES;
				ENABLE_NS_ASSERTIONS = NO;
				GCC_C_LANGUAGE_STANDARD = gnu99;
				GCC_WARN_64_TO_32_BIT_CONVERSION = YES;
				GCC_WARN_ABOUT_RETURN_TYPE = YES_ERROR;
				GCC_WARN_UNDECLARED_SELECTOR = YES;
				GCC_WARN_UNINITIALIZED_AUTOS = YES_AGGRESSIVE;
				GCC_WARN_UNUSED_FUNCTION = YES;
				GCC_WARN_UNUSED_VARIABLE = YES;
				IPHONEOS_DEPLOYMENT_TARGET = 7.1;
				SDKROOT = iphoneos;
				TARGETED_DEVICE_FAMILY = "1,2";
				VALIDATE_PRODUCT = YES;
			};
			name = Release;
		};
		63C31B84197761C10026D4B0 /* Debug */ = {
			isa = XCBuildConfiguration;
			buildSettings = {
				ASSETCATALOG_COMPILER_APPICON_NAME = AppIcon;
				ASSETCATALOG_COMPILER_LAUNCHIMAGE_NAME = LaunchImage;
				GCC_PRECOMPILE_PREFIX_HEADER = YES;
				GCC_PREFIX_HEADER = "jaxnodeMembers/jaxnodeMembers-Prefix.pch";
				INFOPLIST_FILE = "jaxnodeMembers/jaxnodeMembers-Info.plist";
				PRODUCT_NAME = "$(TARGET_NAME)";
				TARGETED_DEVICE_FAMILY = 1;
				WRAPPER_EXTENSION = app;
			};
			name = Debug;
		};
		63C31B85197761C10026D4B0 /* Release */ = {
			isa = XCBuildConfiguration;
			buildSettings = {
				ASSETCATALOG_COMPILER_APPICON_NAME = AppIcon;
				ASSETCATALOG_COMPILER_LAUNCHIMAGE_NAME = LaunchImage;
				GCC_PRECOMPILE_PREFIX_HEADER = YES;
				GCC_PREFIX_HEADER = "jaxnodeMembers/jaxnodeMembers-Prefix.pch";
				INFOPLIST_FILE = "jaxnodeMembers/jaxnodeMembers-Info.plist";
				PRODUCT_NAME = "$(TARGET_NAME)";
				TARGETED_DEVICE_FAMILY = 1;
				WRAPPER_EXTENSION = app;
			};
			name = Release;
		};
		63C31B87197761C10026D4B0 /* Debug */ = {
			isa = XCBuildConfiguration;
			buildSettings = {
				BUNDLE_LOADER = "$(BUILT_PRODUCTS_DIR)/jaxnodeMembers.app/jaxnodeMembers";
				FRAMEWORK_SEARCH_PATHS = (
					"$(SDKROOT)/Developer/Library/Frameworks",
					"$(inherited)",
					"$(DEVELOPER_FRAMEWORKS_DIR)",
				);
				GCC_PRECOMPILE_PREFIX_HEADER = YES;
				GCC_PREFIX_HEADER = "jaxnodeMembers/jaxnodeMembers-Prefix.pch";
				GCC_PREPROCESSOR_DEFINITIONS = (
					"DEBUG=1",
					"$(inherited)",
				);
				INFOPLIST_FILE = "jaxnodeMembersTests/jaxnodeMembersTests-Info.plist";
				PRODUCT_NAME = "$(TARGET_NAME)";
				TEST_HOST = "$(BUNDLE_LOADER)";
				WRAPPER_EXTENSION = xctest;
			};
			name = Debug;
		};
		63C31B88197761C10026D4B0 /* Release */ = {
			isa = XCBuildConfiguration;
			buildSettings = {
				BUNDLE_LOADER = "$(BUILT_PRODUCTS_DIR)/jaxnodeMembers.app/jaxnodeMembers";
				FRAMEWORK_SEARCH_PATHS = (
					"$(SDKROOT)/Developer/Library/Frameworks",
					"$(inherited)",
					"$(DEVELOPER_FRAMEWORKS_DIR)",
				);
				GCC_PRECOMPILE_PREFIX_HEADER = YES;
				GCC_PREFIX_HEADER = "jaxnodeMembers/jaxnodeMembers-Prefix.pch";
				INFOPLIST_FILE = "jaxnodeMembersTests/jaxnodeMembersTests-Info.plist";
				PRODUCT_NAME = "$(TARGET_NAME)";
				TEST_HOST = "$(BUNDLE_LOADER)";
				WRAPPER_EXTENSION = xctest;
			};
			name = Release;
		};
/* End XCBuildConfiguration section */

/* Begin XCConfigurationList section */
		63C31B46197761C10026D4B0 /* Build configuration list for PBXProject "jaxnodeMembers" */ = {
			isa = XCConfigurationList;
			buildConfigurations = (
				63C31B81197761C10026D4B0 /* Debug */,
				63C31B82197761C10026D4B0 /* Release */,
			);
			defaultConfigurationIsVisible = 0;
			defaultConfigurationName = Release;
		};
		63C31B83197761C10026D4B0 /* Build configuration list for PBXNativeTarget "jaxnodeMembers" */ = {
			isa = XCConfigurationList;
			buildConfigurations = (
				63C31B84197761C10026D4B0 /* Debug */,
				63C31B85197761C10026D4B0 /* Release */,
			);
			defaultConfigurationIsVisible = 0;
		};
		63C31B86197761C10026D4B0 /* Build configuration list for PBXNativeTarget "jaxnodeMembersTests" */ = {
			isa = XCConfigurationList;
			buildConfigurations = (
				63C31B87197761C10026D4B0 /* Debug */,
				63C31B88197761C10026D4B0 /* Release */,
			);
			defaultConfigurationIsVisible = 0;
		};
/* End XCConfigurationList section */
	};
	rootObject = 63C31B43197761C10026D4B0 /* Project object */;
}
